
Microsoft Visual Studio Solution File, Format Version 12.00
# Visual Studio Version 17
VisualStudioVersion = 17.6.33829.357
MinimumVisualStudioVersion = 10.0.40219.1
Project("{FAE04EC0-301F-11D3-BF4B-00C04F79EFBC}") = "ROUBA MONTES", "ROUBA MONTES\ROUBA MONTES.csproj", "{9AE76EDF-D60C-4993-9751-1235510FDDFC}"
EndProject
Global
	GlobalSection(SolutionConfigurationPlatforms) = preSolution
		Debug|Any CPU = Debug|Any CPU
		Release|Any CPU = Release|Any CPU
	EndGlobalSection
	GlobalSection(ProjectConfigurationPlatforms) = postSolution
		{9AE76EDF-D60C-4993-9751-1235510FDDFC}.Debug|Any CPU.ActiveCfg = Debug|Any CPU
		{9AE76EDF-D60C-4993-9751-1235510FDDFC}.Debug|Any CPU.Build.0 = Debug|Any CPU
		{9AE76EDF-D60C-4993-9751-1235510FDDFC}.Release|Any CPU.ActiveCfg = Release|Any CPU
		{9AE76EDF-D60C-4993-9751-1235510FDDFC}.Release|Any CPU.Build.0 = Release|Any CPU
	EndGlobalSection
	GlobalSection(SolutionProperties) = preSolution
		HideSolutionNode = FALSE
	EndGlobalSection
	GlobalSection(ExtensibilityGlobals) = postSolution
		SolutionGuid = {75A8D1E2-6C18-4108-83C8-634193304618}
	EndGlobalSection
EndGlobal
